// !$*UTF8*$!
{
	archiveVersion = 1;
	classes = {
	};
	objectVersion = 50;
	objects = {

/* Begin PBXBuildFile section */
		654C388B23F712670070F588 /* AppDelegate.swift in Sources */ = {isa = PBXBuildFile; fileRef = 654C388A23F712670070F588 /* AppDelegate.swift */; };
		654C388D23F712670070F588 /* SceneDelegate.swift in Sources */ = {isa = PBXBuildFile; fileRef = 654C388C23F712670070F588 /* SceneDelegate.swift */; };
		654C388F23F712670070F588 /* ViewController.swift in Sources */ = {isa = PBXBuildFile; fileRef = 654C388E23F712670070F588 /* ViewController.swift */; };
		654C389223F712670070F588 /* Main.storyboard in Resources */ = {isa = PBXBuildFile; fileRef = 654C389023F712670070F588 /* Main.storyboard */; };
		654C389423F712670070F588 /* Assets.xcassets in Resources */ = {isa = PBXBuildFile; fileRef = 654C389323F712670070F588 /* Assets.xcassets */; };
		654C389723F712670070F588 /* LaunchScreen.storyboard in Resources */ = {isa = PBXBuildFile; fileRef = 654C389523F712670070F588 /* LaunchScreen.storyboard */; };
		654C38A223F712680070F588 /* PickerView_TableViewUITests.swift in Sources */ = {isa = PBXBuildFile; fileRef = 654C38A123F712680070F588 /* PickerView_TableViewUITests.swift */; };
/* End PBXBuildFile section */

/* Begin PBXContainerItemProxy section */
		654C389E23F712680070F588 /* PBXContainerItemProxy */ = {
			isa = PBXContainerItemProxy;
			containerPortal = 654C387F23F712670070F588 /* Project object */;
			proxyType = 1;
			remoteGlobalIDString = 654C388623F712670070F588;
			remoteInfo = PickerView_TableView;
		};
/* End PBXContainerItemProxy section */

/* Begin PBXFileReference section */
		654C388723F712670070F588 /* PickerView_TableView.app */ = {isa = PBXFileReference; explicitFileType = wrapper.application; includeInIndex = 0; path = PickerView_TableView.app; sourceTree = BUILT_PRODUCTS_DIR; };
		654C388A23F712670070F588 /* AppDelegate.swift */ = {isa = PBXFileReference; lastKnownFileType = sourcecode.swift; path = AppDelegate.swift; sourceTree = "<group>"; };
		654C388C23F712670070F588 /* SceneDelegate.swift */ = {isa = PBXFileReference; lastKnownFileType = sourcecode.swift; path = SceneDelegate.swift; sourceTree = "<group>"; };
		654C388E23F712670070F588 /* ViewController.swift */ = {isa = PBXFileReference; lastKnownFileType = sourcecode.swift; path = ViewController.swift; sourceTree = "<group>"; };
		654C389123F712670070F588 /* Base */ = {isa = PBXFileReference; lastKnownFileType = file.storyboard; name = Base; path = Base.lproj/Main.storyboard; sourceTree = "<group>"; };
		654C389323F712670070F588 /* Assets.xcassets */ = {isa = PBXFileReference; lastKnownFileType = folder.assetcatalog; path = Assets.xcassets; sourceTree = "<group>"; };
		654C389623F712670070F588 /* Base */ = {isa = PBXFileReference; lastKnownFileType = file.storyboard; name = Base; path = Base.lproj/LaunchScreen.storyboard; sourceTree = "<group>"; };
		654C389823F712670070F588 /* Info.plist */ = {isa = PBXFileReference; lastKnownFileType = text.plist.xml; path = Info.plist; sourceTree = "<group>"; };
		654C389D23F712680070F588 /* PickerView_TableViewUITests.xctest */ = {isa = PBXFileReference; explicitFileType = wrapper.cfbundle; includeInIndex = 0; path = PickerView_TableViewUITests.xctest; sourceTree = BUILT_PRODUCTS_DIR; };
		654C38A123F712680070F588 /* PickerView_TableViewUITests.swift */ = {isa = PBXFileReference; lastKnownFileType = sourcecode.swift; path = PickerView_TableViewUITests.swift; sourceTree = "<group>"; };
		654C38A323F712680070F588 /* Info.plist */ = {isa = PBXFileReference; lastKnownFileType = text.plist.xml; path = Info.plist; sourceTree = "<group>"; };
/* End PBXFileReference section */

/* Begin PBXFrameworksBuildPhase section */
		654C388423F712670070F588 /* Frameworks */ = {
			isa = PBXFrameworksBuildPhase;
			buildActionMask = 2147483647;
			files = (
			);
			runOnlyForDeploymentPostprocessing = 0;
		};
		654C389A23F712680070F588 /* Frameworks */ = {
			isa = PBXFrameworksBuildPhase;
			buildActionMask = 2147483647;
			files = (
			);
			runOnlyForDeploymentPostprocessing = 0;
		};
/* End PBXFrameworksBuildPhase section */

/* Begin PBXGroup section */
		654C387E23F712670070F588 = {
			isa = PBXGroup;
			children = (
				654C388923F712670070F588 /* PickerView_TableView */,
				654C38A023F712680070F588 /* PickerView_TableViewUITests */,
				654C388823F712670070F588 /* Products */,
			);
			sourceTree = "<group>";
		};
		654C388823F712670070F588 /* Products */ = {
			isa = PBXGroup;
			children = (
				654C388723F712670070F588 /* PickerView_TableView.app */,
				654C389D23F712680070F588 /* PickerView_TableViewUITests.xctest */,
			);
			name = Products;
			sourceTree = "<group>";
		};
		654C388923F712670070F588 /* PickerView_TableView */ = {
			isa = PBXGroup;
			children = (
				654C388A23F712670070F588 /* AppDelegate.swift */,
				654C388C23F712670070F588 /* SceneDelegate.swift */,
				654C388E23F712670070F588 /* ViewController.swift */,
				654C389023F712670070F588 /* Main.storyboard */,
				654C389323F712670070F588 /* Assets.xcassets */,
				654C389523F712670070F588 /* LaunchScreen.storyboard */,
				654C389823F712670070F588 /* Info.plist */,
			);
			path = PickerView_TableView;
			sourceTree = "<group>";
		};
		654C38A023F712680070F588 /* PickerView_TableViewUITests */ = {
			isa = PBXGroup;
			children = (
				654C38A123F712680070F588 /* PickerView_TableViewUITests.swift */,
				654C38A323F712680070F588 /* Info.plist */,
			);
			path = PickerView_TableViewUITests;
			sourceTree = "<group>";
		};
/* End PBXGroup section */

/* Begin PBXNativeTarget section */
		654C388623F712670070F588 /* PickerView_TableView */ = {
			isa = PBXNativeTarget;
			buildConfigurationList = 654C38A623F712680070F588 /* Build configuration list for PBXNativeTarget "PickerView_TableView" */;
			buildPhases = (
				654C388323F712670070F588 /* Sources */,
				654C388423F712670070F588 /* Frameworks */,
				654C388523F712670070F588 /* Resources */,
			);
			buildRules = (
			);
			dependencies = (
			);
			name = PickerView_TableView;
			productName = PickerView_TableView;
			productReference = 654C388723F712670070F588 /* PickerView_TableView.app */;
			productType = "com.apple.product-type.application";
		};
		654C389C23F712680070F588 /* PickerView_TableViewUITests */ = {
			isa = PBXNativeTarget;
			buildConfigurationList = 654C38A923F712680070F588 /* Build configuration list for PBXNativeTarget "PickerView_TableViewUITests" */;
			buildPhases = (
				654C389923F712680070F588 /* Sources */,
				654C389A23F712680070F588 /* Frameworks */,
				654C389B23F712680070F588 /* Resources */,
			);
			buildRules = (
			);
			dependencies = (
				654C389F23F712680070F588 /* PBXTargetDependency */,
			);
			name = PickerView_TableViewUITests;
			productName = PickerView_TableViewUITests;
			productReference = 654C389D23F712680070F588 /* PickerView_TableViewUITests.xctest */;
			productType = "com.apple.product-type.bundle.ui-testing";
		};
/* End PBXNativeTarget section */

/* Begin PBXProject section */
		654C387F23F712670070F588 /* Project object */ = {
			isa = PBXProject;
			attributes = {
				LastSwiftUpdateCheck = 1120;
				LastUpgradeCheck = 1120;
				ORGANIZATIONNAME = q;
				TargetAttributes = {
					654C388623F712670070F588 = {
						CreatedOnToolsVersion = 11.2.1;
					};
					654C389C23F712680070F588 = {
						CreatedOnToolsVersion = 11.2.1;
						TestTargetID = 654C388623F712670070F588;
					};
				};
			};
			buildConfigurationList = 654C388223F712670070F588 /* Build configuration list for PBXProject "PickerView_TableView" */;
			compatibilityVersion = "Xcode 9.3";
			developmentRegion = en;
			hasScannedForEncodings = 0;
			knownRegions = (
				en,
				Base,
			);
			mainGroup = 654C387E23F712670070F588;
			productRefGroup = 654C388823F712670070F588 /* Products */;
			projectDirPath = "";
			projectRoot = "";
			targets = (
				654C388623F712670070F588 /* PickerView_TableView */,
				654C389C23F712680070F588 /* PickerView_TableViewUITests */,
			);
		};
/* End PBXProject section */

/* Begin PBXResourcesBuildPhase section */
		654C388523F712670070F588 /* Resources */ = {
			isa = PBXResourcesBuildPhase;
			buildActionMask = 2147483647;
			files = (
				654C389723F712670070F588 /* LaunchScreen.storyboard in Resources */,
				654C389423F712670070F588 /* Assets.xcassets in Resources */,
				654C389223F712670070F588 /* Main.storyboard in Resources */,
			);
			runOnlyForDeploymentPostprocessing = 0;
		};
		654C389B23F712680070F588 /* Resources */ = {
			isa = PBXResourcesBuildPhase;
			buildActionMask = 2147483647;
			files = (
			);
			runOnlyForDeploymentPostprocessing = 0;
		};
/* End PBXResourcesBuildPhase section */

/* Begin PBXSourcesBuildPhase section */
		654C388323F712670070F588 /* Sources */ = {
			isa = PBXSourcesBuildPhase;
			buildActionMask = 2147483647;
			files = (
				654C388F23F712670070F588 /* ViewController.swift in Sources */,
				654C388B23F712670070F588 /* AppDelegate.swift in Sources */,
				654C388D23F712670070F588 /* SceneDelegate.swift in Sources */,
			);
			runOnlyForDeploymentPostprocessing = 0;
		};
		654C389923F712680070F588 /* Sources */ = {
			isa = PBXSourcesBuildPhase;
			buildActionMask = 2147483647;
			files = (
				654C38A223F712680070F588 /* PickerView_TableViewUITests.swift in Sources */,
			);
			runOnlyForDeploymentPostprocessing = 0;
		};
/* End PBXSourcesBuildPhase section */

/* Begin PBXTargetDependency section */
		654C389F23F712680070F588 /* PBXTargetDependency */ = {
			isa = PBXTargetDependency;
			target = 654C388623F712670070F588 /* PickerView_TableView */;
			targetProxy = 654C389E23F712680070F588 /* PBXContainerItemProxy */;
		};
/* End PBXTargetDependency section */

/* Begin PBXVariantGroup section */
		654C389023F712670070F588 /* Main.storyboard */ = {
			isa = PBXVariantGroup;
			children = (
				654C389123F712670070F588 /* Base */,
			);
			name = Main.storyboard;
			sourceTree = "<group>";
		};
		654C389523F712670070F588 /* LaunchScreen.storyboard */ = {
			isa = PBXVariantGroup;
			children = (
				654C389623F712670070F588 /* Base */,
			);
			name = LaunchScreen.storyboard;
			sourceTree = "<group>";
		};
/* End PBXVariantGroup section */

/* Begin XCBuildConfiguration section */
		654C38A423F712680070F588 /* Debug */ = {
			isa = XCBuildConfiguration;
			buildSettings = {
				ALWAYS_SEARCH_USER_PATHS = NO;
				CLANG_ANALYZER_NONNULL = YES;
				CLANG_ANALYZER_NUMBER_OBJECT_CONVERSION = YES_AGGRESSIVE;
				CLANG_CXX_LANGUAGE_STANDARD = "gnu++14";
				CLANG_CXX_LIBRARY = "libc++";
				CLANG_ENABLE_MODULES = YES;
				CLANG_ENABLE_OBJC_ARC = YES;
				CLANG_ENABLE_OBJC_WEAK = YES;
				CLANG_WARN_BLOCK_CAPTURE_AUTORELEASING = YES;
				CLANG_WARN_BOOL_CONVERSION = YES;
				CLANG_WARN_COMMA = YES;
				CLANG_WARN_CONSTANT_CONVERSION = YES;
				CLANG_WARN_DEPRECATED_OBJC_IMPLEMENTATIONS = YES;
				CLANG_WARN_DIRECT_OBJC_ISA_USAGE = YES_ERROR;
				CLANG_WARN_DOCUMENTATION_COMMENTS = YES;
				CLANG_WARN_EMPTY_BODY = YES;
				CLANG_WARN_ENUM_CONVERSION = YES;
				CLANG_WARN_INFINITE_RECURSION = YES;
				CLANG_WARN_INT_CONVERSION = YES;
				CLANG_WARN_NON_LITERAL_NULL_CONVERSION = YES;
				CLANG_WARN_OBJC_IMPLICIT_RETAIN_SELF = YES;
				CLANG_WARN_OBJC_LITERAL_CONVERSION = YES;
				CLANG_WARN_OBJC_ROOT_CLASS = YES_ERROR;
				CLANG_WARN_RANGE_LOOP_ANALYSIS = YES;
				CLANG_WARN_STRICT_PROTOTYPES = YES;
				CLANG_WARN_SUSPICIOUS_MOVE = YES;
				CLANG_WARN_UNGUARDED_AVAILABILITY = YES_AGGRESSIVE;
				CLANG_WARN_UNREACHABLE_CODE = YES;
				CLANG_WARN__DUPLICATE_METHOD_MATCH = YES;
				COPY_PHASE_STRIP = NO;
				DEBUG_INFORMATION_FORMAT = dwarf;
				ENABLE_STRICT_OBJC_MSGSEND = YES;
				ENABLE_TESTABILITY = YES;
				GCC_C_LANGUAGE_STANDARD = gnu11;
				GCC_DYNAMIC_NO_PIC = NO;
				GCC_NO_COMMON_BLOCKS = YES;
				GCC_OPTIMIZATION_LEVEL = 0;
				GCC_PREPROCESSOR_DEFINITIONS = (
					"DEBUG=1",
					"$(inherited)",
				);
				GCC_WARN_64_TO_32_BIT_CONVERSION = YES;
				GCC_WARN_ABOUT_RETURN_TYPE = YES_ERROR;
				GCC_WARN_UNDECLARED_SELECTOR = YES;
				GCC_WARN_UNINITIALIZED_AUTOS = YES_AGGRESSIVE;
				GCC_WARN_UNUSED_FUNCTION = YES;
				GCC_WARN_UNUSED_VARIABLE = YES;
				IPHONEOS_DEPLOYMENT_TARGET = 13.2;
				MTL_ENABLE_DEBUG_INFO = INCLUDE_SOURCE;
				MTL_FAST_MATH = YES;
				ONLY_ACTIVE_ARCH = YES;
				SDKROOT = iphoneos;
				SWIFT_ACTIVE_COMPILATION_CONDITIONS = DEBUG;
				SWIFT_OPTIMIZATION_LEVEL = "-Onone";
			};
			name = Debug;
		};
		654C38A523F712680070F588 /* Release */ = {
			isa = XCBuildConfiguration;
			buildSettings = {
				ALWAYS_SEARCH_USER_PATHS = NO;
				CLANG_ANALYZER_NONNULL = YES;
				CLANG_ANALYZER_NUMBER_OBJECT_CONVERSION = YES_AGGRESSIVE;
				CLANG_CXX_LANGUAGE_STANDARD = "gnu++14";
				CLANG_CXX_LIBRARY = "libc++";
				CLANG_ENABLE_MODULES = YES;
				CLANG_ENABLE_OBJC_ARC = YES;
				CLANG_ENABLE_OBJC_WEAK = YES;
				CLANG_WARN_BLOCK_CAPTURE_AUTORELEASING = YES;
				CLANG_WARN_BOOL_CONVERSION = YES;
				CLANG_WARN_COMMA = YES;
				CLANG_WARN_CONSTANT_CONVERSION = YES;
				CLANG_WARN_DEPRECATED_OBJC_IMPLEMENTATIONS = YES;
				CLANG_WARN_DIRECT_OBJC_ISA_USAGE = YES_ERROR;
				CLANG_WARN_DOCUMENTATION_COMMENTS = YES;
				CLANG_WARN_EMPTY_BODY = YES;
				CLANG_WARN_ENUM_CONVERSION = YES;
				CLANG_WARN_INFINITE_RECURSION = YES;
				CLANG_WARN_INT_CONVERSION = YES;
				CLANG_WARN_NON_LITERAL_NULL_CONVERSION = YES;
				CLANG_WARN_OBJC_IMPLICIT_RETAIN_SELF = YES;
				CLANG_WARN_OBJC_LITERAL_CONVERSION = YES;
				CLANG_WARN_OBJC_ROOT_CLASS = YES_ERROR;
				CLANG_WARN_RANGE_LOOP_ANALYSIS = YES;
				CLANG_WARN_STRICT_PROTOTYPES = YES;
				CLANG_WARN_SUSPICIOUS_MOVE = YES;
				CLANG_WARN_UNGUARDED_AVAILABILITY = YES_AGGRESSIVE;
				CLANG_WARN_UNREACHABLE_CODE = YES;
				CLANG_WARN__DUPLICATE_METHOD_MATCH = YES;
				COPY_PHASE_STRIP = NO;
				DEBUG_INFORMATION_FORMAT = "dwarf-with-dsym";
				ENABLE_NS_ASSERTIONS = NO;
				ENABLE_STRICT_OBJC_MSGSEND = YES;
				GCC_C_LANGUAGE_STANDARD = gnu11;
				GCC_NO_COMMON_BLOCKS = YES;
				GCC_WARN_64_TO_32_BIT_CONVERSION = YES;
				GCC_WARN_ABOUT_RETURN_TYPE = YES_ERROR;
				GCC_WARN_UNDECLARED_SELECTOR = YES;
				GCC_WARN_UNINITIALIZED_AUTOS = YES_AGGRESSIVE;
				GCC_WARN_UNUSED_FUNCTION = YES;
				GCC_WARN_UNUSED_VARIABLE = YES;
				IPHONEOS_DEPLOYMENT_TARGET = 13.2;
				MTL_ENABLE_DEBUG_INFO = NO;
				MTL_FAST_MATH = YES;
				SDKROOT = iphoneos;
				SWIFT_COMPILATION_MODE = wholemodule;
				SWIFT_OPTIMIZATION_LEVEL = "-O";
				VALIDATE_PRODUCT = YES;
			};
			name = Release;
		};
		654C38A723F712680070F588 /* Debug */ = {
			isa = XCBuildConfiguration;
			buildSettings = {
				ASSETCATALOG_COMPILER_APPICON_NAME = AppIcon;
				CODE_SIGN_STYLE = Automatic;
				INFOPLIST_FILE = PickerView_TableView/Info.plist;
				LD_RUNPATH_SEARCH_PATHS = (
					"$(inherited)",
					"@executable_path/Frameworks",
				);
				PRODUCT_BUNDLE_IDENTIFIER = "in.mac.PickerView-TableView";
				PRODUCT_NAME = "$(TARGET_NAME)";
				SWIFT_VERSION = 5.0;
				TARGETED_DEVICE_FAMILY = "1,2";
			};
			name = Debug;
		};
		654C38A823F712680070F588 /* Release */ = {
			isa = XCBuildConfiguration;
			buildSettings = {
				ASSETCATALOG_COMPILER_APPICON_NAME = AppIcon;
				CODE_SIGN_STYLE = Automatic;
				INFOPLIST_FILE = PickerView_TableView/Info.plist;
				LD_RUNPATH_SEARCH_PATHS = (
					"$(inherited)",
					"@executable_path/Frameworks",
				);
				PRODUCT_BUNDLE_IDENTIFIER = "in.mac.PickerView-TableView";
				PRODUCT_NAME = "$(TARGET_NAME)";
				SWIFT_VERSION = 5.0;
				TARGETED_DEVICE_FAMILY = "1,2";
			};
			name = Release;
		};
		654C38AA23F712680070F588 /* Debug */ = {
			isa = XCBuildConfiguration;
			buildSettings = {
				ALWAYS_EMBED_SWIFT_STANDARD_LIBRARIES = YES;
				CODE_SIGN_STYLE = Automatic;
				INFOPLIST_FILE = PickerView_TableViewUITests/Info.plist;
				LD_RUNPATH_SEARCH_PATHS = (
					"$(inherited)",
					"@executable_path/Frameworks",
					"@loader_path/Frameworks",
				);
				PRODUCT_BUNDLE_IDENTIFIER = "in.mac.PickerView-TableViewUITests";
				PRODUCT_NAME = "$(TARGET_NAME)";
				SWIFT_VERSION = 5.0;
				TARGETED_DEVICE_FAMILY = "1,2";
				TEST_TARGET_NAME = PickerView_TableView;
			};
			name = Debug;
		};
		654C38AB23F712680070F588 /* Release */ = {
			isa = XCBuildConfiguration;
			buildSettings = {
				ALWAYS_EMBED_SWIFT_STANDARD_LIBRARIES = YES;
				CODE_SIGN_STYLE = Automatic;
				INFOPLIST_FILE = PickerView_TableViewUITests/Info.plist;
				LD_RUNPATH_SEARCH_PATHS = (
					"$(inherited)",
					"@executable_path/Frameworks",
					"@loader_path/Frameworks",
				);
				PRODUCT_BUNDLE_IDENTIFIER = "in.mac.PickerView-TableViewUITests";
				PRODUCT_NAME = "$(TARGET_NAME)";
				SWIFT_VERSION = 5.0;
				TARGETED_DEVICE_FAMILY = "1,2";
				TEST_TARGET_NAME = PickerView_TableView;
			};
			name = Release;
		};
/* End XCBuildConfiguration section */

/* Begin XCConfigurationList section */
		654C388223F712670070F588 /* Build configuration list for PBXProject "PickerView_TableView" */ = {
			isa = XCConfigurationList;
			buildConfigurations = (
				654C38A423F712680070F588 /* Debug */,
				654C38A523F712680070F588 /* Release */,
			);
			defaultConfigurationIsVisible = 0;
			defaultConfigurationName = Release;
		};
		654C38A623F712680070F588 /* Build configuration list for PBXNativeTarget "PickerView_TableView" */ = {
			isa = XCConfigurationList;
			buildConfigurations = (
				654C38A723F712680070F588 /* Debug */,
				654C38A823F712680070F588 /* Release */,
			);
			defaultConfigurationIsVisible = 0;
			defaultConfigurationName = Release;
		};
		654C38A923F712680070F588 /* Build configuration list for PBXNativeTarget "PickerView_TableViewUITests" */ = {
			isa = XCConfigurationList;
			buildConfigurations = (
				654C38AA23F712680070F588 /* Debug */,
				654C38AB23F712680070F588 /* Release */,
			);
			defaultConfigurationIsVisible = 0;
			defaultConfigurationName = Release;
		};
/* End XCConfigurationList section */
	};
	rootObject = 654C387F23F712670070F588 /* Project object */;
}
